// !$*UTF8*$!
{
	archiveVersion = 1;
	classes = {
	};
	objectVersion = 46;
	objects = {

/* Begin PBXBuildFile section */
		96F6C0B01CE90B41006475B9 /* main.m in Sources */ = {isa = PBXBuildFile; fileRef = 96F6C0AF1CE90B41006475B9 /* main.m */; };
		96F6C0B31CE90B41006475B9 /* AppDelegate.m in Sources */ = {isa = PBXBuildFile; fileRef = 96F6C0B21CE90B41006475B9 /* AppDelegate.m */; };
		96F6C0B91CE90B41006475B9 /* Main.storyboard in Resources */ = {isa = PBXBuildFile; fileRef = 96F6C0B71CE90B41006475B9 /* Main.storyboard */; };
		96F6C0BB1CE90B41006475B9 /* Assets.xcassets in Resources */ = {isa = PBXBuildFile; fileRef = 96F6C0BA1CE90B41006475B9 /* Assets.xcassets */; };
		96F6C0BE1CE90B41006475B9 /* LaunchScreen.storyboard in Resources */ = {isa = PBXBuildFile; fileRef = 96F6C0BC1CE90B41006475B9 /* LaunchScreen.storyboard */; };
		96F6C0C71CE911CC006475B9 /* BillSplitterViewController.m in Sources */ = {isa = PBXBuildFile; fileRef = 96F6C0C61CE911CC006475B9 /* BillSplitterViewController.m */; };
/* End PBXBuildFile section */

/* Begin PBXFileReference section */
		96F6C0AB1CE90B41006475B9 /* LHL-BillSplitter.app */ = {isa = PBXFileReference; explicitFileType = wrapper.application; includeInIndex = 0; path = "LHL-BillSplitter.app"; sourceTree = BUILT_PRODUCTS_DIR; };
		96F6C0AF1CE90B41006475B9 /* main.m */ = {isa = PBXFileReference; lastKnownFileType = sourcecode.c.objc; path = main.m; sourceTree = "<group>"; };
		96F6C0B11CE90B41006475B9 /* AppDelegate.h */ = {isa = PBXFileReference; lastKnownFileType = sourcecode.c.h; path = AppDelegate.h; sourceTree = "<group>"; };
		96F6C0B21CE90B41006475B9 /* AppDelegate.m */ = {isa = PBXFileReference; lastKnownFileType = sourcecode.c.objc; path = AppDelegate.m; sourceTree = "<group>"; };
		96F6C0B81CE90B41006475B9 /* Base */ = {isa = PBXFileReference; lastKnownFileType = file.storyboard; name = Base; path = Base.lproj/Main.storyboard; sourceTree = "<group>"; };
		96F6C0BA1CE90B41006475B9 /* Assets.xcassets */ = {isa = PBXFileReference; lastKnownFileType = folder.assetcatalog; path = Assets.xcassets; sourceTree = "<group>"; };
		96F6C0BD1CE90B41006475B9 /* Base */ = {isa = PBXFileReference; lastKnownFileType = file.storyboard; name = Base; path = Base.lproj/LaunchScreen.storyboard; sourceTree = "<group>"; };
		96F6C0BF1CE90B41006475B9 /* Info.plist */ = {isa = PBXFileReference; lastKnownFileType = text.plist.xml; path = Info.plist; sourceTree = "<group>"; };
		96F6C0C51CE911CC006475B9 /* BillSplitterViewController.h */ = {isa = PBXFileReference; fileEncoding = 4; lastKnownFileType = sourcecode.c.h; path = BillSplitterViewController.h; sourceTree = "<group>"; };
		96F6C0C61CE911CC006475B9 /* BillSplitterViewController.m */ = {isa = PBXFileReference; fileEncoding = 4; lastKnownFileType = sourcecode.c.objc; path = BillSplitterViewController.m; sourceTree = "<group>"; };
/* End PBXFileReference section */

/* Begin PBXFrameworksBuildPhase section */
		96F6C0A81CE90B41006475B9 /* Frameworks */ = {
			isa = PBXFrameworksBuildPhase;
			buildActionMask = 2147483647;
			files = (
			);
			runOnlyForDeploymentPostprocessing = 0;
		};
/* End PBXFrameworksBuildPhase section */

/* Begin PBXGroup section */
		96F6C0A21CE90B41006475B9 = {
			isa = PBXGroup;
			children = (
				96F6C0AD1CE90B41006475B9 /* LHL-BillSplitter */,
				96F6C0AC1CE90B41006475B9 /* Products */,
			);
			sourceTree = "<group>";
		};
		96F6C0AC1CE90B41006475B9 /* Products */ = {
			isa = PBXGroup;
			children = (
				96F6C0AB1CE90B41006475B9 /* LHL-BillSplitter.app */,
			);
			name = Products;
			sourceTree = "<group>";
		};
		96F6C0AD1CE90B41006475B9 /* LHL-BillSplitter */ = {
			isa = PBXGroup;
			children = (
				96F6C0B11CE90B41006475B9 /* AppDelegate.h */,
				96F6C0B21CE90B41006475B9 /* AppDelegate.m */,
				96F6C0C51CE911CC006475B9 /* BillSplitterViewController.h */,
				96F6C0C61CE911CC006475B9 /* BillSplitterViewController.m */,
				96F6C0B71CE90B41006475B9 /* Main.storyboard */,
				96F6C0BA1CE90B41006475B9 /* Assets.xcassets */,
				96F6C0BC1CE90B41006475B9 /* LaunchScreen.storyboard */,
				96F6C0BF1CE90B41006475B9 /* Info.plist */,
				96F6C0AE1CE90B41006475B9 /* Supporting Files */,
			);
			path = "LHL-BillSplitter";
			sourceTree = "<group>";
		};
		96F6C0AE1CE90B41006475B9 /* Supporting Files */ = {
			isa = PBXGroup;
			children = (
				96F6C0AF1CE90B41006475B9 /* main.m */,
			);
			name = "Supporting Files";
			sourceTree = "<group>";
		};
/* End PBXGroup section */

/* Begin PBXNativeTarget section */
		96F6C0AA1CE90B41006475B9 /* LHL-BillSplitter */ = {
			isa = PBXNativeTarget;
			buildConfigurationList = 96F6C0C21CE90B41006475B9 /* Build configuration list for PBXNativeTarget "LHL-BillSplitter" */;
			buildPhases = (
				96F6C0A71CE90B41006475B9 /* Sources */,
				96F6C0A81CE90B41006475B9 /* Frameworks */,
				96F6C0A91CE90B41006475B9 /* Resources */,
			);
			buildRules = (
			);
			dependencies = (
			);
			name = "LHL-BillSplitter";
			productName = "LHL-BillSplitter";
			productReference = 96F6C0AB1CE90B41006475B9 /* LHL-BillSplitter.app */;
			productType = "com.apple.product-type.application";
		};
/* End PBXNativeTarget section */

/* Begin PBXProject section */
		96F6C0A31CE90B41006475B9 /* Project object */ = {
			isa = PBXProject;
			attributes = {
				LastUpgradeCheck = 0730;
				ORGANIZATIONNAME = "Asuka Nakagawa";
				TargetAttributes = {
					96F6C0AA1CE90B41006475B9 = {
						CreatedOnToolsVersion = 7.3;
						DevelopmentTeam = 6A3B9S8TK9;
					};
				};
			};
			buildConfigurationList = 96F6C0A61CE90B41006475B9 /* Build configuration list for PBXProject "LHL-BillSplitter" */;
			compatibilityVersion = "Xcode 3.2";
			developmentRegion = English;
			hasScannedForEncodings = 0;
			knownRegions = (
				en,
				Base,
			);
			mainGroup = 96F6C0A21CE90B41006475B9;
			productRefGroup = 96F6C0AC1CE90B41006475B9 /* Products */;
			projectDirPath = "";
			projectRoot = "";
			targets = (
				96F6C0AA1CE90B41006475B9 /* LHL-BillSplitter */,
			);
		};
/* End PBXProject section */

/* Begin PBXResourcesBuildPhase section */
		96F6C0A91CE90B41006475B9 /* Resources */ = {
			isa = PBXResourcesBuildPhase;
			buildActionMask = 2147483647;
			files = (
				96F6C0BE1CE90B41006475B9 /* LaunchScreen.storyboard in Resources */,
				96F6C0BB1CE90B41006475B9 /* Assets.xcassets in Resources */,
				96F6C0B91CE90B41006475B9 /* Main.storyboard in Resources */,
			);
			runOnlyForDeploymentPostprocessing = 0;
		};
/* End PBXResourcesBuildPhase section */

/* Begin PBXSourcesBuildPhase section */
		96F6C0A71CE90B41006475B9 /* Sources */ = {
			isa = PBXSourcesBuildPhase;
			buildActionMask = 2147483647;
			files = (
				96F6C0C71CE911CC006475B9 /* BillSplitterViewController.m in Sources */,
				96F6C0B31CE90B41006475B9 /* AppDelegate.m in Sources */,
				96F6C0B01CE90B41006475B9 /* main.m in Sources */,
			);
			runOnlyForDeploymentPostprocessing = 0;
		};
/* End PBXSourcesBuildPhase section */

/* Begin PBXVariantGroup section */
		96F6C0B71CE90B41006475B9 /* Main.storyboard */ = {
			isa = PBXVariantGroup;
			children = (
				96F6C0B81CE90B41006475B9 /* Base */,
			);
			name = Main.storyboard;
			sourceTree = "<group>";
		};
		96F6C0BC1CE90B41006475B9 /* LaunchScreen.storyboard */ = {
			isa = PBXVariantGroup;
			children = (
				96F6C0BD1CE90B41006475B9 /* Base */,
			);
			name = LaunchScreen.storyboard;
			sourceTree = "<group>";
		};
/* End PBXVariantGroup section */

/* Begin XCBuildConfiguration section */
		96F6C0C01CE90B41006475B9 /* Debug */ = {
			isa = XCBuildConfiguration;
			buildSettings = {
				ALWAYS_SEARCH_USER_PATHS = NO;
				CLANG_ANALYZER_NONNULL = YES;
				CLANG_CXX_LANGUAGE_STANDARD = "gnu++0x";
				CLANG_CXX_LIBRARY = "libc++";
				CLANG_ENABLE_MODULES = YES;
				CLANG_ENABLE_OBJC_ARC = YES;
				CLANG_WARN_BOOL_CONVERSION = YES;
				CLANG_WARN_CONSTANT_CONVERSION = YES;
				CLANG_WARN_DIRECT_OBJC_ISA_USAGE = YES_ERROR;
				CLANG_WARN_EMPTY_BODY = YES;
				CLANG_WARN_ENUM_CONVERSION = YES;
				CLANG_WARN_INT_CONVERSION = YES;
				CLANG_WARN_OBJC_ROOT_CLASS = YES_ERROR;
				CLANG_WARN_UNREACHABLE_CODE = YES;
				CLANG_WARN__DUPLICATE_METHOD_MATCH = YES;
				"CODE_SIGN_IDENTITY[sdk=iphoneos*]" = "iPhone Developer";
				COPY_PHASE_STRIP = NO;
				DEBUG_INFORMATION_FORMAT = dwarf;
				ENABLE_STRICT_OBJC_MSGSEND = YES;
				ENABLE_TESTABILITY = YES;
				GCC_C_LANGUAGE_STANDARD = gnu99;
				GCC_DYNAMIC_NO_PIC = NO;
				GCC_NO_COMMON_BLOCKS = YES;
				GCC_OPTIMIZATION_LEVEL = 0;
				GCC_PREPROCESSOR_DEFINITIONS = (
					"DEBUG=1",
					"$(inherited)",
				);
				GCC_WARN_64_TO_32_BIT_CONVERSION = YES;
				GCC_WARN_ABOUT_RETURN_TYPE = YES_ERROR;
				GCC_WARN_UNDECLARED_SELECTOR = YES;
				GCC_WARN_UNINITIALIZED_AUTOS = YES_AGGRESSIVE;
				GCC_WARN_UNUSED_FUNCTION = YES;
				GCC_WARN_UNUSED_VARIABLE = YES;
				IPHONEOS_DEPLOYMENT_TARGET = 9.3;
				MTL_ENABLE_DEBUG_INFO = YES;
				ONLY_ACTIVE_ARCH = YES;
				SDKROOT = iphoneos;
			};
			name = Debug;
		};
		96F6C0C11CE90B41006475B9 /* Release */ = {
			isa = XCBuildConfiguration;
			buildSettings = {
				ALWAYS_SEARCH_USER_PATHS = NO;
				CLANG_ANALYZER_NONNULL = YES;
				CLANG_CXX_LANGUAGE_STANDARD = "gnu++0x";
				CLANG_CXX_LIBRARY = "libc++";
				CLANG_ENABLE_MODULES = YES;
				CLANG_ENABLE_OBJC_ARC = YES;
				CLANG_WARN_BOOL_CONVERSION = YES;
				CLANG_WARN_CONSTANT_CONVERSION = YES;
				CLANG_WARN_DIRECT_OBJC_ISA_USAGE = YES_ERROR;
				CLANG_WARN_EMPTY_BODY = YES;
				CLANG_WARN_ENUM_CONVERSION = YES;
				CLANG_WARN_INT_CONVERSION = YES;
				CLANG_WARN_OBJC_ROOT_CLASS = YES_ERROR;
				CLANG_WARN_UNREACHABLE_CODE = YES;
				CLANG_WARN__DUPLICATE_METHOD_MATCH = YES;
				"CODE_SIGN_IDENTITY[sdk=iphoneos*]" = "iPhone Developer";
				COPY_PHASE_STRIP = NO;
				DEBUG_INFORMATION_FORMAT = "dwarf-with-dsym";
				ENABLE_NS_ASSERTIONS = NO;
				ENABLE_STRICT_OBJC_MSGSEND = YES;
				GCC_C_LANGUAGE_STANDARD = gnu99;
				GCC_NO_COMMON_BLOCKS = YES;
				GCC_WARN_64_TO_32_BIT_CONVERSION = YES;
				GCC_WARN_ABOUT_RETURN_TYPE = YES_ERROR;
				GCC_WARN_UNDECLARED_SELECTOR = YES;
				GCC_WARN_UNINITIALIZED_AUTOS = YES_AGGRESSIVE;
				GCC_WARN_UNUSED_FUNCTION = YES;
				GCC_WARN_UNUSED_VARIABLE = YES;
				IPHONEOS_DEPLOYMENT_TARGET = 9.3;
				MTL_ENABLE_DEBUG_INFO = NO;
				SDKROOT = iphoneos;
				VALIDATE_PRODUCT = YES;
			};
			name = Release;
		};
		96F6C0C31CE90B41006475B9 /* Debug */ = {
			isa = XCBuildConfiguration;
			buildSettings = {
				ASSETCATALOG_COMPILER_APPICON_NAME = AppIcon;
				INFOPLIST_FILE = "LHL-BillSplitter/Info.plist";
				LD_RUNPATH_SEARCH_PATHS = "$(inherited) @executable_path/Frameworks";
				PRODUCT_BUNDLE_IDENTIFIER = "A.LHL-BillSplitter";
				PRODUCT_NAME = "$(TARGET_NAME)";
			};
			name = Debug;
		};
		96F6C0C41CE90B41006475B9 /* Release */ = {
			isa = XCBuildConfiguration;
			buildSettings = {
				ASSETCATALOG_COMPILER_APPICON_NAME = AppIcon;
				INFOPLIST_FILE = "LHL-BillSplitter/Info.plist";
				LD_RUNPATH_SEARCH_PATHS = "$(inherited) @executable_path/Frameworks";
				PRODUCT_BUNDLE_IDENTIFIER = "A.LHL-BillSplitter";
				PRODUCT_NAME = "$(TARGET_NAME)";
			};
			name = Release;
		};
/* End XCBuildConfiguration section */

/* Begin XCConfigurationList section */
		96F6C0A61CE90B41006475B9 /* Build configuration list for PBXProject "LHL-BillSplitter" */ = {
			isa = XCConfigurationList;
			buildConfigurations = (
				96F6C0C01CE90B41006475B9 /* Debug */,
				96F6C0C11CE90B41006475B9 /* Release */,
			);
			defaultConfigurationIsVisible = 0;
			defaultConfigurationName = Release;
		};
		96F6C0C21CE90B41006475B9 /* Build configuration list for PBXNativeTarget "LHL-BillSplitter" */ = {
			isa = XCConfigurationList;
			buildConfigurations = (
				96F6C0C31CE90B41006475B9 /* Debug */,
				96F6C0C41CE90B41006475B9 /* Release */,
			);
			defaultConfigurationIsVisible = 0;
		};
/* End XCConfigurationList section */
	};
	rootObject = 96F6C0A31CE90B41006475B9 /* Project object */;
}
